{
  "name": "@angular/core",
  "version": "14.1.0",
  "lockfileVersion": 2,
  "requires": true,
  "packages": {
    "": {
      "name": "@angular/core",
      "version": "14.1.0",
      "license": "MIT",
      "dependencies": {
        "@angular/animations": "^14.1.0",
        "@angular/cdk": "^14.1.0",
        "@angular/material": "^14.1.0",
        "tslib": "^2.3.0"
      },
      "engines": {
        "node": "^14.15.0 || >=16.10.0"
      },
      "peerDependencies": {
        "rxjs": "^6.5.3 || ^7.4.0",
        "zone.js": "~0.11.4"
      }
    },
    "node_modules/@angular/animations": {
      "version": "14.1.0",
      "resolved": "https://registry.npmjs.org/@angular/animations/-/animations-14.1.0.tgz",
      "integrity": "sha512-OhEXi1u/M4QyltDCxSqo7YzF7ELgNDWNqbbM7vtWIcrc4c+Yiu1GXhW/GQRosF3WAuQVfdQzEI0VTeNoo98Kvw==",
      "dependencies": {
        "tslib": "^2.3.0"
      },
      "engines": {
        "node": "^14.15.0 || >=16.10.0"
      },
      "peerDependencies": {
        "@angular/core": "14.1.0"
      }
    },
    "node_modules/@angular/cdk": {
      "version": "14.1.0",
      "resolved": "https://registry.npmjs.org/@angular/cdk/-/cdk-14.1.0.tgz",
      "integrity": "sha512-EOQZmlTgj5Tc6/s50kEQUYKWH0S748rzbymBYkvyJs864lP9A8khz83IINmm+PD2sMADKtBETD3aEa5yQRhVAA==",
      "dependencies": {
        "tslib": "^2.3.0"
      },
      "optionalDependencies": {
        "parse5": "^5.0.0"
      },
      "peerDependencies": {
        "@angular/common": "^14.0.0 || ^15.0.0",
        "@angular/core": "^14.0.0 || ^15.0.0",
        "rxjs": "^6.5.3 || ^7.4.0"
      }
    },
    "node_modules/@angular/material": {
      "version": "14.1.0",
      "resolved": "https://registry.npmjs.org/@angular/material/-/material-14.1.0.tgz",
      "integrity": "sha512-0UXfMqP5+Nzd6gbLplQpUX3E0rRRwhVEnAo8Z1hllGdJIY0meunMnTZCWsvYQ7SU/W+VbqnmtBmg5EOfYsjpiQ==",
      "dependencies": {
        "tslib": "^2.3.0"
      },
      "peerDependencies": {
        "@angular/animations": "^14.0.0 || ^15.0.0",
        "@angular/cdk": "14.1.0",
        "@angular/common": "^14.0.0 || ^15.0.0",
        "@angular/core": "^14.0.0 || ^15.0.0",
        "@angular/forms": "^14.0.0 || ^15.0.0",
        "@angular/platform-browser": "^14.0.0 || ^15.0.0",
        "rxjs": "^6.5.3 || ^7.4.0"
      }
    },
    "node_modules/parse5": {
      "version": "5.1.1",
      "resolved": "https://registry.npmjs.org/parse5/-/parse5-5.1.1.tgz",
      "integrity": "sha512-ugq4DFI0Ptb+WWjAdOK16+u/nHfiIrcE+sh8kZMaM0WllQKLI9rOUq6c2b7cwPkXdzfQESqvoqK6ug7U/Yyzug==",
      "optional": true
    },
    "node_modules/tslib": {
      "version": "2.4.0",
      "resolved": "https://registry.npmjs.org/tslib/-/tslib-2.4.0.tgz",
      "integrity": "sha512-d6xOpEDfsi2CZVlPQzGeux8XMwLT9hssAsaPYExaQMuYskwb+x1x7J371tWlbBdWHroy99KnVB6qIkUbs5X3UQ=="
    }
  },
  "dependencies": {
    "@angular/animations": {
      "version": "14.1.0",
      "resolved": "https://registry.npmjs.org/@angular/animations/-/animations-14.1.0.tgz",
      "integrity": "sha512-OhEXi1u/M4QyltDCxSqo7YzF7ELgNDWNqbbM7vtWIcrc4c+Yiu1GXhW/GQRosF3WAuQVfdQzEI0VTeNoo98Kvw==",
      "requires": {
        "tslib": "^2.3.0"
      }
    },
    "@angular/cdk": {
      "version": "14.1.0",
      "resolved": "https://registry.npmjs.org/@angular/cdk/-/cdk-14.1.0.tgz",
      "integrity": "sha512-EOQZmlTgj5Tc6/s50kEQUYKWH0S748rzbymBYkvyJs864lP9A8khz83IINmm+PD2sMADKtBETD3aEa5yQRhVAA==",
      "requires": {
        "parse5": "^5.0.0",
        "tslib": "^2.3.0"
      }
    },
    "@angular/material": {
      "version": "14.1.0",
      "resolved": "https://registry.npmjs.org/@angular/material/-/material-14.1.0.tgz",
      "integrity": "sha512-0UXfMqP5+Nzd6gbLplQpUX3E0rRRwhVEnAo8Z1hllGdJIY0meunMnTZCWsvYQ7SU/W+VbqnmtBmg5EOfYsjpiQ==",
      "requires": {
        "tslib": "^2.3.0"
      }
    },
    "parse5": {
      "version": "5.1.1",
      "resolved": "https://registry.npmjs.org/parse5/-/parse5-5.1.1.tgz",
      "integrity": "sha512-ugq4DFI0Ptb+WWjAdOK16+u/nHfiIrcE+sh8kZMaM0WllQKLI9rOUq6c2b7cwPkXdzfQESqvoqK6ug7U/Yyzug==",
      "optional": true
    },
    "tslib": {
      "version": "2.4.0",
      "resolved": "https://registry.npmjs.org/tslib/-/tslib-2.4.0.tgz",
      "integrity": "sha512-d6xOpEDfsi2CZVlPQzGeux8XMwLT9hssAsaPYExaQMuYskwb+x1x7J371tWlbBdWHroy99KnVB6qIkUbs5X3UQ=="
    }
  }
}
